// !$*UTF8*$!
{
	archiveVersion = 1;
	classes = {
	};
	objectVersion = 50;
	objects = {

/* Begin PBXBuildFile section */
		B50CDF9B21642E4400399540 /* SampleFixedCardViewController.swift in Sources */ = {isa = PBXBuildFile; fileRef = B50CDF9921642E4400399540 /* SampleFixedCardViewController.swift */; };
		B50CDF9C21642E4400399540 /* SampleFixedCardViewController.xib in Resources */ = {isa = PBXBuildFile; fileRef = B50CDF9A21642E4400399540 /* SampleFixedCardViewController.xib */; };
		B50CDF9E2164321B00399540 /* FlickCardContainerViewController.swift in Sources */ = {isa = PBXBuildFile; fileRef = B50CDF9D2164321B00399540 /* FlickCardContainerViewController.swift */; };
		B50CDFA021657DB400399540 /* UIPanGesture+FlickCard.swift in Sources */ = {isa = PBXBuildFile; fileRef = B50CDF9F21657DB400399540 /* UIPanGesture+FlickCard.swift */; };
		B51C1CE32156640D002FD654 /* AppDelegate.swift in Sources */ = {isa = PBXBuildFile; fileRef = B51C1CE22156640D002FD654 /* AppDelegate.swift */; };
		B51C1CE52156640D002FD654 /* PileViewController.swift in Sources */ = {isa = PBXBuildFile; fileRef = B51C1CE42156640D002FD654 /* PileViewController.swift */; };
		B51C1CE82156640D002FD654 /* Main.storyboard in Resources */ = {isa = PBXBuildFile; fileRef = B51C1CE62156640D002FD654 /* Main.storyboard */; };
		B51C1CEA2156640E002FD654 /* Assets.xcassets in Resources */ = {isa = PBXBuildFile; fileRef = B51C1CE92156640E002FD654 /* Assets.xcassets */; };
		B51C1CED2156640E002FD654 /* LaunchScreen.storyboard in Resources */ = {isa = PBXBuildFile; fileRef = B51C1CEB2156640E002FD654 /* LaunchScreen.storyboard */; };
		B5B79286216231D0001AB808 /* FlickCardController.swift in Sources */ = {isa = PBXBuildFile; fileRef = B5B79285216231D0001AB808 /* FlickCardController.swift */; };
		B5B7928821637CE7001AB808 /* FlickCardTableViewController.swift in Sources */ = {isa = PBXBuildFile; fileRef = B5B7928721637CE7001AB808 /* FlickCardTableViewController.swift */; };
		B5B7928A21637E7C001AB808 /* ListViewController.swift in Sources */ = {isa = PBXBuildFile; fileRef = B5B7928921637E7C001AB808 /* ListViewController.swift */; };
		B5B7928C21638283001AB808 /* FlickCardListTableViewCell.swift in Sources */ = {isa = PBXBuildFile; fileRef = B5B7928B21638283001AB808 /* FlickCardListTableViewCell.swift */; };
		B5D3947E21572EDB00747AA3 /* FlickCardPileViewController.swift in Sources */ = {isa = PBXBuildFile; fileRef = B5D3947A21572EDB00747AA3 /* FlickCardPileViewController.swift */; };
		B5D3947F21572EDB00747AA3 /* UIView+FlickCard.swift in Sources */ = {isa = PBXBuildFile; fileRef = B5D3947B21572EDB00747AA3 /* UIView+FlickCard.swift */; };
		B5D394832157300600747AA3 /* SampleCardViewController.swift in Sources */ = {isa = PBXBuildFile; fileRef = B5D394812157300600747AA3 /* SampleCardViewController.swift */; };
		B5D394842157300600747AA3 /* SampleCardViewController.xib in Resources */ = {isa = PBXBuildFile; fileRef = B5D394822157300600747AA3 /* SampleCardViewController.xib */; };
		B5F7B66C215D16FC00BE1955 /* FlickCardViewController+Container.swift in Sources */ = {isa = PBXBuildFile; fileRef = B5F7B66B215D16FC00BE1955 /* FlickCardViewController+Container.swift */; };
		B5F7B66F215DC12D00BE1955 /* FlickCardPileView+UX.swift in Sources */ = {isa = PBXBuildFile; fileRef = B5F7B66E215DC12D00BE1955 /* FlickCardPileView+UX.swift */; };
/* End PBXBuildFile section */

/* Begin PBXFileReference section */
		B50CDF9921642E4400399540 /* SampleFixedCardViewController.swift */ = {isa = PBXFileReference; fileEncoding = 4; lastKnownFileType = sourcecode.swift; path = SampleFixedCardViewController.swift; sourceTree = "<group>"; };
		B50CDF9A21642E4400399540 /* SampleFixedCardViewController.xib */ = {isa = PBXFileReference; fileEncoding = 4; lastKnownFileType = file.xib; path = SampleFixedCardViewController.xib; sourceTree = "<group>"; };
		B50CDF9D2164321B00399540 /* FlickCardContainerViewController.swift */ = {isa = PBXFileReference; lastKnownFileType = sourcecode.swift; path = FlickCardContainerViewController.swift; sourceTree = "<group>"; };
		B50CDF9F21657DB400399540 /* UIPanGesture+FlickCard.swift */ = {isa = PBXFileReference; lastKnownFileType = sourcecode.swift; path = "UIPanGesture+FlickCard.swift"; sourceTree = "<group>"; };
		B51C1CDF2156640D002FD654 /* FlickCard.app */ = {isa = PBXFileReference; explicitFileType = wrapper.application; includeInIndex = 0; path = FlickCard.app; sourceTree = BUILT_PRODUCTS_DIR; };
		B51C1CE22156640D002FD654 /* AppDelegate.swift */ = {isa = PBXFileReference; lastKnownFileType = sourcecode.swift; path = AppDelegate.swift; sourceTree = "<group>"; };
		B51C1CE42156640D002FD654 /* PileViewController.swift */ = {isa = PBXFileReference; lastKnownFileType = sourcecode.swift; path = PileViewController.swift; sourceTree = "<group>"; };
		B51C1CE72156640D002FD654 /* Base */ = {isa = PBXFileReference; lastKnownFileType = file.storyboard; name = Base; path = Base.lproj/Main.storyboard; sourceTree = "<group>"; };
		B51C1CE92156640E002FD654 /* Assets.xcassets */ = {isa = PBXFileReference; lastKnownFileType = folder.assetcatalog; path = Assets.xcassets; sourceTree = "<group>"; };
		B51C1CEC2156640E002FD654 /* Base */ = {isa = PBXFileReference; lastKnownFileType = file.storyboard; name = Base; path = Base.lproj/LaunchScreen.storyboard; sourceTree = "<group>"; };
		B51C1CEE2156640E002FD654 /* Info.plist */ = {isa = PBXFileReference; lastKnownFileType = text.plist.xml; path = Info.plist; sourceTree = "<group>"; };
		B5B79285216231D0001AB808 /* FlickCardController.swift */ = {isa = PBXFileReference; lastKnownFileType = sourcecode.swift; path = FlickCardController.swift; sourceTree = "<group>"; };
		B5B7928721637CE7001AB808 /* FlickCardTableViewController.swift */ = {isa = PBXFileReference; lastKnownFileType = sourcecode.swift; path = FlickCardTableViewController.swift; sourceTree = "<group>"; };
		B5B7928921637E7C001AB808 /* ListViewController.swift */ = {isa = PBXFileReference; fileEncoding = 4; lastKnownFileType = sourcecode.swift; path = ListViewController.swift; sourceTree = "<group>"; };
		B5B7928B21638283001AB808 /* FlickCardListTableViewCell.swift */ = {isa = PBXFileReference; lastKnownFileType = sourcecode.swift; path = FlickCardListTableViewCell.swift; sourceTree = "<group>"; };
		B5D3947A21572EDB00747AA3 /* FlickCardPileViewController.swift */ = {isa = PBXFileReference; fileEncoding = 4; lastKnownFileType = sourcecode.swift; path = FlickCardPileViewController.swift; sourceTree = "<group>"; };
		B5D3947B21572EDB00747AA3 /* UIView+FlickCard.swift */ = {isa = PBXFileReference; fileEncoding = 4; lastKnownFileType = sourcecode.swift; path = "UIView+FlickCard.swift"; sourceTree = "<group>"; };
		B5D394812157300600747AA3 /* SampleCardViewController.swift */ = {isa = PBXFileReference; fileEncoding = 4; lastKnownFileType = sourcecode.swift; path = SampleCardViewController.swift; sourceTree = "<group>"; };
		B5D394822157300600747AA3 /* SampleCardViewController.xib */ = {isa = PBXFileReference; fileEncoding = 4; lastKnownFileType = file.xib; path = SampleCardViewController.xib; sourceTree = "<group>"; };
		B5F7B66B215D16FC00BE1955 /* FlickCardViewController+Container.swift */ = {isa = PBXFileReference; fileEncoding = 4; lastKnownFileType = sourcecode.swift; path = "FlickCardViewController+Container.swift"; sourceTree = "<group>"; };
		B5F7B66E215DC12D00BE1955 /* FlickCardPileView+UX.swift */ = {isa = PBXFileReference; lastKnownFileType = sourcecode.swift; path = "FlickCardPileView+UX.swift"; sourceTree = "<group>"; };
/* End PBXFileReference section */

/* Begin PBXFrameworksBuildPhase section */
		B51C1CDC2156640D002FD654 /* Frameworks */ = {
			isa = PBXFrameworksBuildPhase;
			buildActionMask = 2147483647;
			files = (
			);
			runOnlyForDeploymentPostprocessing = 0;
		};
/* End PBXFrameworksBuildPhase section */

/* Begin PBXGroup section */
		B51C1CD62156640D002FD654 = {
			isa = PBXGroup;
			children = (
				B5D3947821572EDB00747AA3 /* FlickCard */,
				B51C1CE12156640D002FD654 /* Cards */,
				B51C1CE02156640D002FD654 /* Products */,
			);
			sourceTree = "<group>";
		};
		B51C1CE02156640D002FD654 /* Products */ = {
			isa = PBXGroup;
			children = (
				B51C1CDF2156640D002FD654 /* FlickCard.app */,
			);
			name = Products;
			sourceTree = "<group>";
		};
		B51C1CE12156640D002FD654 /* Cards */ = {
			isa = PBXGroup;
			children = (
				B51C1CE22156640D002FD654 /* AppDelegate.swift */,
				B51C1CE42156640D002FD654 /* PileViewController.swift */,
				B5B7928921637E7C001AB808 /* ListViewController.swift */,
				B50CDF9921642E4400399540 /* SampleFixedCardViewController.swift */,
				B50CDF9A21642E4400399540 /* SampleFixedCardViewController.xib */,
				B5D394812157300600747AA3 /* SampleCardViewController.swift */,
				B5D394822157300600747AA3 /* SampleCardViewController.xib */,
				B51C1CE62156640D002FD654 /* Main.storyboard */,
				B51C1CE92156640E002FD654 /* Assets.xcassets */,
				B51C1CEB2156640E002FD654 /* LaunchScreen.storyboard */,
				B51C1CEE2156640E002FD654 /* Info.plist */,
			);
			path = Cards;
			sourceTree = "<group>";
		};
		B5D3947821572EDB00747AA3 /* FlickCard */ = {
			isa = PBXGroup;
			children = (
				B5B79285216231D0001AB808 /* FlickCardController.swift */,
				B50CDF9D2164321B00399540 /* FlickCardContainerViewController.swift */,
				B5D3947A21572EDB00747AA3 /* FlickCardPileViewController.swift */,
				B5B7928721637CE7001AB808 /* FlickCardTableViewController.swift */,
				B5B7928B21638283001AB808 /* FlickCardListTableViewCell.swift */,
				B5F7B66E215DC12D00BE1955 /* FlickCardPileView+UX.swift */,
				B5F7B66B215D16FC00BE1955 /* FlickCardViewController+Container.swift */,
				B5D3947B21572EDB00747AA3 /* UIView+FlickCard.swift */,
				B50CDF9F21657DB400399540 /* UIPanGesture+FlickCard.swift */,
			);
			path = FlickCard;
			sourceTree = "<group>";
		};
/* End PBXGroup section */

/* Begin PBXNativeTarget section */
		B51C1CDE2156640D002FD654 /* FlickCard */ = {
			isa = PBXNativeTarget;
			buildConfigurationList = B51C1CF12156640E002FD654 /* Build configuration list for PBXNativeTarget "FlickCard" */;
			buildPhases = (
				B51C1CDB2156640D002FD654 /* Sources */,
				B51C1CDC2156640D002FD654 /* Frameworks */,
				B51C1CDD2156640D002FD654 /* Resources */,
			);
			buildRules = (
			);
			dependencies = (
			);
			name = FlickCard;
			productName = Cards;
			productReference = B51C1CDF2156640D002FD654 /* FlickCard.app */;
			productType = "com.apple.product-type.application";
		};
/* End PBXNativeTarget section */

/* Begin PBXProject section */
		B51C1CD72156640D002FD654 /* Project object */ = {
			isa = PBXProject;
			attributes = {
				LastSwiftUpdateCheck = 1000;
				LastUpgradeCheck = 1000;
				ORGANIZATIONNAME = "Ben Gottlieb";
				TargetAttributes = {
					B51C1CDE2156640D002FD654 = {
						CreatedOnToolsVersion = 10.0;
					};
				};
			};
			buildConfigurationList = B51C1CDA2156640D002FD654 /* Build configuration list for PBXProject "FlickCard" */;
			compatibilityVersion = "Xcode 9.3";
			developmentRegion = en;
			hasScannedForEncodings = 0;
			knownRegions = (
				en,
				Base,
			);
			mainGroup = B51C1CD62156640D002FD654;
			productRefGroup = B51C1CE02156640D002FD654 /* Products */;
			projectDirPath = "";
			projectRoot = "";
			targets = (
				B51C1CDE2156640D002FD654 /* FlickCard */,
			);
		};
/* End PBXProject section */

/* Begin PBXResourcesBuildPhase section */
		B51C1CDD2156640D002FD654 /* Resources */ = {
			isa = PBXResourcesBuildPhase;
			buildActionMask = 2147483647;
			files = (
				B50CDF9C21642E4400399540 /* SampleFixedCardViewController.xib in Resources */,
				B5D394842157300600747AA3 /* SampleCardViewController.xib in Resources */,
				B51C1CED2156640E002FD654 /* LaunchScreen.storyboard in Resources */,
				B51C1CEA2156640E002FD654 /* Assets.xcassets in Resources */,
				B51C1CE82156640D002FD654 /* Main.storyboard in Resources */,
			);
			runOnlyForDeploymentPostprocessing = 0;
		};
/* End PBXResourcesBuildPhase section */

/* Begin PBXSourcesBuildPhase section */
		B51C1CDB2156640D002FD654 /* Sources */ = {
			isa = PBXSourcesBuildPhase;
			buildActionMask = 2147483647;
			files = (
				B5B7928C21638283001AB808 /* FlickCardListTableViewCell.swift in Sources */,
				B5D3947E21572EDB00747AA3 /* FlickCardPileViewController.swift in Sources */,
				B51C1CE52156640D002FD654 /* PileViewController.swift in Sources */,
				B5B7928A21637E7C001AB808 /* ListViewController.swift in Sources */,
				B50CDF9E2164321B00399540 /* FlickCardContainerViewController.swift in Sources */,
				B5D3947F21572EDB00747AA3 /* UIView+FlickCard.swift in Sources */,
				B5B79286216231D0001AB808 /* FlickCardController.swift in Sources */,
				B50CDF9B21642E4400399540 /* SampleFixedCardViewController.swift in Sources */,
				B5F7B66C215D16FC00BE1955 /* FlickCardViewController+Container.swift in Sources */,
				B51C1CE32156640D002FD654 /* AppDelegate.swift in Sources */,
				B5D394832157300600747AA3 /* SampleCardViewController.swift in Sources */,
				B5B7928821637CE7001AB808 /* FlickCardTableViewController.swift in Sources */,
				B5F7B66F215DC12D00BE1955 /* FlickCardPileView+UX.swift in Sources */,
				B50CDFA021657DB400399540 /* UIPanGesture+FlickCard.swift in Sources */,
			);
			runOnlyForDeploymentPostprocessing = 0;
		};
/* End PBXSourcesBuildPhase section */

/* Begin PBXVariantGroup section */
		B51C1CE62156640D002FD654 /* Main.storyboard */ = {
			isa = PBXVariantGroup;
			children = (
				B51C1CE72156640D002FD654 /* Base */,
			);
			name = Main.storyboard;
			sourceTree = "<group>";
		};
		B51C1CEB2156640E002FD654 /* LaunchScreen.storyboard */ = {
			isa = PBXVariantGroup;
			children = (
				B51C1CEC2156640E002FD654 /* Base */,
			);
			name = LaunchScreen.storyboard;
			sourceTree = "<group>";
		};
/* End PBXVariantGroup section */

/* Begin XCBuildConfiguration section */
		B51C1CEF2156640E002FD654 /* Debug */ = {
			isa = XCBuildConfiguration;
			buildSettings = {
				ALWAYS_SEARCH_USER_PATHS = NO;
				CLANG_ANALYZER_NONNULL = YES;
				CLANG_ANALYZER_NUMBER_OBJECT_CONVERSION = YES_AGGRESSIVE;
				CLANG_CXX_LANGUAGE_STANDARD = "gnu++14";
				CLANG_CXX_LIBRARY = "libc++";
				CLANG_ENABLE_MODULES = YES;
				CLANG_ENABLE_OBJC_ARC = YES;
				CLANG_ENABLE_OBJC_WEAK = YES;
				CLANG_WARN_BLOCK_CAPTURE_AUTORELEASING = YES;
				CLANG_WARN_BOOL_CONVERSION = YES;
				CLANG_WARN_COMMA = YES;
				CLANG_WARN_CONSTANT_CONVERSION = YES;
				CLANG_WARN_DEPRECATED_OBJC_IMPLEMENTATIONS = YES;
				CLANG_WARN_DIRECT_OBJC_ISA_USAGE = YES_ERROR;
				CLANG_WARN_DOCUMENTATION_COMMENTS = YES;
				CLANG_WARN_EMPTY_BODY = YES;
				CLANG_WARN_ENUM_CONVERSION = YES;
				CLANG_WARN_INFINITE_RECURSION = YES;
				CLANG_WARN_INT_CONVERSION = YES;
				CLANG_WARN_NON_LITERAL_NULL_CONVERSION = YES;
				CLANG_WARN_OBJC_IMPLICIT_RETAIN_SELF = YES;
				CLANG_WARN_OBJC_LITERAL_CONVERSION = YES;
				CLANG_WARN_OBJC_ROOT_CLASS = YES_ERROR;
				CLANG_WARN_RANGE_LOOP_ANALYSIS = YES;
				CLANG_WARN_STRICT_PROTOTYPES = YES;
				CLANG_WARN_SUSPICIOUS_MOVE = YES;
				CLANG_WARN_UNGUARDED_AVAILABILITY = YES_AGGRESSIVE;
				CLANG_WARN_UNREACHABLE_CODE = YES;
				CLANG_WARN__DUPLICATE_METHOD_MATCH = YES;
				CODE_SIGN_IDENTITY = "iPhone Developer";
				COPY_PHASE_STRIP = NO;
				DEBUG_INFORMATION_FORMAT = dwarf;
				ENABLE_STRICT_OBJC_MSGSEND = YES;
				ENABLE_TESTABILITY = YES;
				GCC_C_LANGUAGE_STANDARD = gnu11;
				GCC_DYNAMIC_NO_PIC = NO;
				GCC_NO_COMMON_BLOCKS = YES;
				GCC_OPTIMIZATION_LEVEL = 0;
				GCC_PREPROCESSOR_DEFINITIONS = (
					"DEBUG=1",
					"$(inherited)",
				);
				GCC_WARN_64_TO_32_BIT_CONVERSION = YES;
				GCC_WARN_ABOUT_RETURN_TYPE = YES_ERROR;
				GCC_WARN_UNDECLARED_SELECTOR = YES;
				GCC_WARN_UNINITIALIZED_AUTOS = YES_AGGRESSIVE;
				GCC_WARN_UNUSED_FUNCTION = YES;
				GCC_WARN_UNUSED_VARIABLE = YES;
				IPHONEOS_DEPLOYMENT_TARGET = 12.0;
				MTL_ENABLE_DEBUG_INFO = INCLUDE_SOURCE;
				MTL_FAST_MATH = YES;
				ONLY_ACTIVE_ARCH = YES;
				SDKROOT = iphoneos;
				SWIFT_ACTIVE_COMPILATION_CONDITIONS = DEBUG;
				SWIFT_OPTIMIZATION_LEVEL = "-Onone";
			};
			name = Debug;
		};
		B51C1CF02156640E002FD654 /* Release */ = {
			isa = XCBuildConfiguration;
			buildSettings = {
				ALWAYS_SEARCH_USER_PATHS = NO;
				CLANG_ANALYZER_NONNULL = YES;
				CLANG_ANALYZER_NUMBER_OBJECT_CONVERSION = YES_AGGRESSIVE;
				CLANG_CXX_LANGUAGE_STANDARD = "gnu++14";
				CLANG_CXX_LIBRARY = "libc++";
				CLANG_ENABLE_MODULES = YES;
				CLANG_ENABLE_OBJC_ARC = YES;
				CLANG_ENABLE_OBJC_WEAK = YES;
				CLANG_WARN_BLOCK_CAPTURE_AUTORELEASING = YES;
				CLANG_WARN_BOOL_CONVERSION = YES;
				CLANG_WARN_COMMA = YES;
				CLANG_WARN_CONSTANT_CONVERSION = YES;
				CLANG_WARN_DEPRECATED_OBJC_IMPLEMENTATIONS = YES;
				CLANG_WARN_DIRECT_OBJC_ISA_USAGE = YES_ERROR;
				CLANG_WARN_DOCUMENTATION_COMMENTS = YES;
				CLANG_WARN_EMPTY_BODY = YES;
				CLANG_WARN_ENUM_CONVERSION = YES;
				CLANG_WARN_INFINITE_RECURSION = YES;
				CLANG_WARN_INT_CONVERSION = YES;
				CLANG_WARN_NON_LITERAL_NULL_CONVERSION = YES;
				CLANG_WARN_OBJC_IMPLICIT_RETAIN_SELF = YES;
				CLANG_WARN_OBJC_LITERAL_CONVERSION = YES;
				CLANG_WARN_OBJC_ROOT_CLASS = YES_ERROR;
				CLANG_WARN_RANGE_LOOP_ANALYSIS = YES;
				CLANG_WARN_STRICT_PROTOTYPES = YES;
				CLANG_WARN_SUSPICIOUS_MOVE = YES;
				CLANG_WARN_UNGUARDED_AVAILABILITY = YES_AGGRESSIVE;
				CLANG_WARN_UNREACHABLE_CODE = YES;
				CLANG_WARN__DUPLICATE_METHOD_MATCH = YES;
				CODE_SIGN_IDENTITY = "iPhone Developer";
				COPY_PHASE_STRIP = NO;
				DEBUG_INFORMATION_FORMAT = "dwarf-with-dsym";
				ENABLE_NS_ASSERTIONS = NO;
				ENABLE_STRICT_OBJC_MSGSEND = YES;
				GCC_C_LANGUAGE_STANDARD = gnu11;
				GCC_NO_COMMON_BLOCKS = YES;
				GCC_WARN_64_TO_32_BIT_CONVERSION = YES;
				GCC_WARN_ABOUT_RETURN_TYPE = YES_ERROR;
				GCC_WARN_UNDECLARED_SELECTOR = YES;
				GCC_WARN_UNINITIALIZED_AUTOS = YES_AGGRESSIVE;
				GCC_WARN_UNUSED_FUNCTION = YES;
				GCC_WARN_UNUSED_VARIABLE = YES;
				IPHONEOS_DEPLOYMENT_TARGET = 12.0;
				MTL_ENABLE_DEBUG_INFO = NO;
				MTL_FAST_MATH = YES;
				SDKROOT = iphoneos;
				SWIFT_COMPILATION_MODE = wholemodule;
				SWIFT_OPTIMIZATION_LEVEL = "-O";
				VALIDATE_PRODUCT = YES;
			};
			name = Release;
		};
		B51C1CF22156640E002FD654 /* Debug */ = {
			isa = XCBuildConfiguration;
			buildSettings = {
				ASSETCATALOG_COMPILER_APPICON_NAME = AppIcon;
				CODE_SIGN_STYLE = Automatic;
				DEVELOPMENT_TEAM = YY6CWUX533;
				INFOPLIST_FILE = Cards/Info.plist;
				IPHONEOS_DEPLOYMENT_TARGET = 11.4;
				LD_RUNPATH_SEARCH_PATHS = (
					"$(inherited)",
					"@executable_path/Frameworks",
				);
				PRODUCT_BUNDLE_IDENTIFIER = com.standalone.flickCard;
				PRODUCT_NAME = "$(TARGET_NAME)";
				SWIFT_VERSION = 4.2;
				TARGETED_DEVICE_FAMILY = "1,2";
			};
			name = Debug;
		};
		B51C1CF32156640E002FD654 /* Release */ = {
			isa = XCBuildConfiguration;
			buildSettings = {
				ASSETCATALOG_COMPILER_APPICON_NAME = AppIcon;
				CODE_SIGN_STYLE = Automatic;
				DEVELOPMENT_TEAM = YY6CWUX533;
				INFOPLIST_FILE = Cards/Info.plist;
				IPHONEOS_DEPLOYMENT_TARGET = 11.4;
				LD_RUNPATH_SEARCH_PATHS = (
					"$(inherited)",
					"@executable_path/Frameworks",
				);
				PRODUCT_BUNDLE_IDENTIFIER = com.standalone.flickCard;
				PRODUCT_NAME = "$(TARGET_NAME)";
				SWIFT_VERSION = 4.2;
				TARGETED_DEVICE_FAMILY = "1,2";
			};
			name = Release;
		};
/* End XCBuildConfiguration section */

/* Begin XCConfigurationList section */
		B51C1CDA2156640D002FD654 /* Build configuration list for PBXProject "FlickCard" */ = {
			isa = XCConfigurationList;
			buildConfigurations = (
				B51C1CEF2156640E002FD654 /* Debug */,
				B51C1CF02156640E002FD654 /* Release */,
			);
			defaultConfigurationIsVisible = 0;
			defaultConfigurationName = Release;
		};
		B51C1CF12156640E002FD654 /* Build configuration list for PBXNativeTarget "FlickCard" */ = {
			isa = XCConfigurationList;
			buildConfigurations = (
				B51C1CF22156640E002FD654 /* Debug */,
				B51C1CF32156640E002FD654 /* Release */,
			);
			defaultConfigurationIsVisible = 0;
			defaultConfigurationName = Release;
		};
/* End XCConfigurationList section */
	};
	rootObject = B51C1CD72156640D002FD654 /* Project object */;
}
